
Microsoft Visual Studio Solution File, Format Version 12.00
# Visual Studio Version 16
VisualStudioVersion = 16.0.31005.135
MinimumVisualStudioVersion = 10.0.40219.1
Project("{FAE04EC0-301F-11D3-BF4B-00C04F79EFBC}") = "Sistema_Banco", "Sistema_Banco\Sistema_Banco.csproj", "{7C060F39-78C1-4329-8212-EC79052D9422}"
EndProject
Global
	GlobalSection(SolutionConfigurationPlatforms) = preSolution
		Debug|Any CPU = Debug|Any CPU
		Release|Any CPU = Release|Any CPU
	EndGlobalSection
	GlobalSection(ProjectConfigurationPlatforms) = postSolution
		{7C060F39-78C1-4329-8212-EC79052D9422}.Debug|Any CPU.ActiveCfg = Debug|Any CPU
		{7C060F39-78C1-4329-8212-EC79052D9422}.Debug|Any CPU.Build.0 = Debug|Any CPU
		{7C060F39-78C1-4329-8212-EC79052D9422}.Release|Any CPU.ActiveCfg = Release|Any CPU
		{7C060F39-78C1-4329-8212-EC79052D9422}.Release|Any CPU.Build.0 = Release|Any CPU
	EndGlobalSection
	GlobalSection(SolutionProperties) = preSolution
		HideSolutionNode = FALSE
	EndGlobalSection
	GlobalSection(ExtensibilityGlobals) = postSolution
		SolutionGuid = {67446480-40D6-4EFE-B545-0B929B212C4E}
	EndGlobalSection
EndGlobal
